SDK_TAG=host-sdk-noble-amd64-20260804
SDK_NAME=host-sdk-noble-amd64-20260804.tar.xz
SDK_SHA256=8fc9db6a51633409728a5cb0caa3b0d9e9685e7167c15a2987b3da021eb94918
UBUNTU_BASE_SHA256=c1e67ef7b17a6300e136118bd1dc04725009cb376c1aad10abcf8cd453628d58
UBUNTU_SNAPSHOT=20260804T000000Z
MESON_VERSION=1.11.2
MESON_SHA256=7e4f6e83fec83e3eaac928e058b073c7557b282c35b6a2024cea143a39926a39
